github.com/ybkim1536/greeting v0.0.0-20210311140216-7152705a8f03 h1:BF9RHsyAD8U1yH9t7q+S+MiQxdIMvFBtnDPlG5KN0kA=
github.com/ybkim1536/greeting v0.0.0-20210311140216-7152705a8f03/go.mod h1:ycTLPNFcIDIb6GJzlwKzl7+UkuayAp4dFhzzsxYNHdQ=
github.com/ybkim1536/greeting v0.0.0-20210311161136-ca5e7b099a8a h1:trP2inDf8BSIny8gwrOfqrPicoWojZTq2qDM0YnI1OI=
github.com/ybkim1536/greeting v0.0.0-20210311161136-ca5e7b099a8a/go.mod h1:ycTLPNFcIDIb6GJzlwKzl7+UkuayAp4dFhzzsxYNHdQ=
